
Microsoft Visual Studio Solution File, Format Version 12.00
# Visual Studio Version 17
VisualStudioVersion = 17.0.31512.422
MinimumVisualStudioVersion = 10.0.40219.1
Project("{FAE04EC0-301F-11D3-BF4B-00C04F79EFBC}") = "SeguradoraDeVida", "SeguradoraDeVida\SeguradoraDeVida.csproj", "{38B1256E-E5FA-4AFD-A2D3-3229F3BD83AE}"
EndProject
Project("{FAE04EC0-301F-11D3-BF4B-00C04F79EFBC}") = "Domain", "Domain\Domain.csproj", "{CA81401D-7812-4FB4-A470-61A82310AF26}"
EndProject
Project("{FAE04EC0-301F-11D3-BF4B-00C04F79EFBC}") = "Service", "Service\Service.csproj", "{95966078-813E-440A-BDC9-BCFCBB2E9D7A}"
EndProject
Project("{FAE04EC0-301F-11D3-BF4B-00C04F79EFBC}") = "Repository", "Repository\Repository.csproj", "{DF7EFA0D-32D6-4525-9E09-5AE320418ECA}"
EndProject
Global
	GlobalSection(SolutionConfigurationPlatforms) = preSolution
		Debug|Any CPU = Debug|Any CPU
		Release|Any CPU = Release|Any CPU
	EndGlobalSection
	GlobalSection(ProjectConfigurationPlatforms) = postSolution
		{38B1256E-E5FA-4AFD-A2D3-3229F3BD83AE}.Debug|Any CPU.ActiveCfg = Debug|Any CPU
		{38B1256E-E5FA-4AFD-A2D3-3229F3BD83AE}.Debug|Any CPU.Build.0 = Debug|Any CPU
		{38B1256E-E5FA-4AFD-A2D3-3229F3BD83AE}.Release|Any CPU.ActiveCfg = Release|Any CPU
		{38B1256E-E5FA-4AFD-A2D3-3229F3BD83AE}.Release|Any CPU.Build.0 = Release|Any CPU
		{CA81401D-7812-4FB4-A470-61A82310AF26}.Debug|Any CPU.ActiveCfg = Debug|Any CPU
		{CA81401D-7812-4FB4-A470-61A82310AF26}.Debug|Any CPU.Build.0 = Debug|Any CPU
		{CA81401D-7812-4FB4-A470-61A82310AF26}.Release|Any CPU.ActiveCfg = Release|Any CPU
		{CA81401D-7812-4FB4-A470-61A82310AF26}.Release|Any CPU.Build.0 = Release|Any CPU
		{95966078-813E-440A-BDC9-BCFCBB2E9D7A}.Debug|Any CPU.ActiveCfg = Debug|Any CPU
		{95966078-813E-440A-BDC9-BCFCBB2E9D7A}.Debug|Any CPU.Build.0 = Debug|Any CPU
		{95966078-813E-440A-BDC9-BCFCBB2E9D7A}.Release|Any CPU.ActiveCfg = Release|Any CPU
		{95966078-813E-440A-BDC9-BCFCBB2E9D7A}.Release|Any CPU.Build.0 = Release|Any CPU
		{DF7EFA0D-32D6-4525-9E09-5AE320418ECA}.Debug|Any CPU.ActiveCfg = Debug|Any CPU
		{DF7EFA0D-32D6-4525-9E09-5AE320418ECA}.Debug|Any CPU.Build.0 = Debug|Any CPU
		{DF7EFA0D-32D6-4525-9E09-5AE320418ECA}.Release|Any CPU.ActiveCfg = Release|Any CPU
		{DF7EFA0D-32D6-4525-9E09-5AE320418ECA}.Release|Any CPU.Build.0 = Release|Any CPU
	EndGlobalSection
	GlobalSection(SolutionProperties) = preSolution
		HideSolutionNode = FALSE
	EndGlobalSection
	GlobalSection(ExtensibilityGlobals) = postSolution
		SolutionGuid = {C4940D5C-012D-445B-93E7-8440E4484233}
	EndGlobalSection
EndGlobal
